
Microsoft Visual Studio Solution File, Format Version 12.00
# Visual Studio Version 16
VisualStudioVersion = 16.0.28705.295
MinimumVisualStudioVersion = 10.0.40219.1
Project("{9A19103F-16F7-4668-BE54-9A1E7A4F7556}") = "Ch01", "Ch01\Ch01.csproj", "{DD8213EB-FCD2-4C11-B24D-337E8C214E48}"
EndProject
Project("{2150E333-8FDC-42A3-9474-1A3956D46DE8}") = "Ch01Demos", "Ch01Demos", "{35D0D250-8403-4300-AB69-7933EA04C550}"
EndProject
Project("{2150E333-8FDC-42A3-9474-1A3956D46DE8}") = "Ch02Demos", "Ch02Demos", "{E31673F2-DA7A-457B-B164-C220A84CD2F4}"
EndProject
Project("{9A19103F-16F7-4668-BE54-9A1E7A4F7556}") = "Ch02", "Ch02\Ch02.csproj", "{1ED4A6E0-5303-4122-9936-45CC0C65D0F4}"
EndProject
Project("{2150E333-8FDC-42A3-9474-1A3956D46DE8}") = "Ch03Demos", "Ch03Demos", "{6C126ACC-87FE-4256-A2B1-5126BD54CD42}"
EndProject
Project("{9A19103F-16F7-4668-BE54-9A1E7A4F7556}") = "Ch03", "Ch03\Ch03.csproj", "{E56C24D2-D8EA-46B0-B8DF-5B7712E740C4}"
EndProject
Project("{2150E333-8FDC-42A3-9474-1A3956D46DE8}") = "Ch04Demos", "Ch04Demos", "{2B4C098E-A74F-4416-A076-7B4BF9D58DC9}"
EndProject
Project("{9A19103F-16F7-4668-BE54-9A1E7A4F7556}") = "Ch04", "Ch04\Ch04.csproj", "{7466EFC3-3B5C-4C77-8C96-A3C438F19915}"
EndProject
Project("{2150E333-8FDC-42A3-9474-1A3956D46DE8}") = "Ch05Demos", "Ch05Demos", "{25D6F4F6-E61A-4FFD-9A8C-F892764535DA}"
EndProject
Project("{9A19103F-16F7-4668-BE54-9A1E7A4F7556}") = "Ch05", "Ch05\Ch05.csproj", "{2560F5AA-D908-4573-9FE0-8479F85E0436}"
EndProject
Project("{2150E333-8FDC-42A3-9474-1A3956D46DE8}") = "Ch06Demos", "Ch06Demos", "{352F6129-4041-4D6A-9686-423F277BF0E4}"
EndProject
Project("{9A19103F-16F7-4668-BE54-9A1E7A4F7556}") = "Ch06", "Ch06\Ch06.csproj", "{1E35C6A2-81AA-4FDF-AAC0-7F1B36F6F07B}"
EndProject
Project("{2150E333-8FDC-42A3-9474-1A3956D46DE8}") = "Ch07Demos", "Ch07Demos", "{09011E6F-40B8-447E-BBB9-4190D74FF127}"
EndProject
Project("{9A19103F-16F7-4668-BE54-9A1E7A4F7556}") = "Ch07", "Ch07\Ch07.csproj", "{AA776097-9087-4C3B-9F43-228FE8F52DCD}"
EndProject
Project("{2150E333-8FDC-42A3-9474-1A3956D46DE8}") = "Ch08Demos", "Ch08Demos", "{5C6B4688-680B-402F-9A21-B1D0FA1C8947}"
EndProject
Project("{2150E333-8FDC-42A3-9474-1A3956D46DE8}") = "Ch09Demos", "Ch09Demos", "{7ED2CB36-478D-4F1D-A6C0-DDEF4D9031DD}"
EndProject
Project("{9A19103F-16F7-4668-BE54-9A1E7A4F7556}") = "Ch09", "Ch09\Ch09.csproj", "{F2AE1B8C-B76B-4CE4-B899-35EFC728CE15}"
EndProject
Project("{9A19103F-16F7-4668-BE54-9A1E7A4F7556}") = "Ch09Web", "Ch09Web\Ch09Web.csproj", "{A2440011-D687-4DD5-87CE-1DCD62253DDF}"
EndProject
Project("{2150E333-8FDC-42A3-9474-1A3956D46DE8}") = "Ch10Demos", "Ch10Demos", "{CAF4EF29-388F-4BAC-9318-D153CA46D941}"
EndProject
Project("{9A19103F-16F7-4668-BE54-9A1E7A4F7556}") = "Ch10", "Ch10\Ch10.csproj", "{DC0019B3-1DD8-432E-AD0B-8E02927F1A73}"
EndProject
Project("{2150E333-8FDC-42A3-9474-1A3956D46DE8}") = "Ch11Demos", "Ch11Demos", "{60B2EB9E-0F2F-43D4-A891-521E87ED1934}"
EndProject
Project("{2150E333-8FDC-42A3-9474-1A3956D46DE8}") = "Ch13Demos", "Ch13Demos", "{162C4393-FF60-4ED3-BD37-6C93FC125DDE}"
EndProject
Project("{9A19103F-16F7-4668-BE54-9A1E7A4F7556}") = "Ch13", "Ch13\Ch13.csproj", "{705AF3A3-5464-4360-BE57-80EEFA5822B6}"
EndProject
Project("{2150E333-8FDC-42A3-9474-1A3956D46DE8}") = "Ch12Demos", "Ch12Demos", "{2361A0D6-99F3-439F-AC11-4431C33ECE05}"
EndProject
Project("{9A19103F-16F7-4668-BE54-9A1E7A4F7556}") = "AsyncStreamsDemo", "Ch12\AsyncStreamsDemo\AsyncStreamsDemo.csproj", "{7A731DB1-CDE2-4CE2-AFA3-8D0B87B0F48F}"
EndProject
Project("{9A19103F-16F7-4668-BE54-9A1E7A4F7556}") = "WebApiCoreDemo", "Ch12\WebApiCoreDemo\WebApiCoreDemo.csproj", "{AAA793B8-0ACC-425D-A441-43A39FD2831E}"
EndProject
Project("{9A19103F-16F7-4668-BE54-9A1E7A4F7556}") = "1UsingDelegateBeginInvoke", "Ch08\1UsingDelegateBeginInvoke\1UsingDelegateBeginInvoke.csproj", "{6F00B6DF-39BA-43AC-9274-94EC421A8FCB}"
EndProject
Project("{FAE04EC0-301F-11D3-BF4B-00C04F79EFBC}") = "IAsyncResultOldFramework", "Ch08\IAsyncResultOldFramework\IAsyncResultOldFramework.csproj", "{6F07FE32-CDEB-4CBA-B531-E2BEDED1447E}"
EndProject
Project("{9A19103F-16F7-4668-BE54-9A1E7A4F7556}") = "MsTestUnitTestCaseProject", "Ch11\MsTestUnitTestCaseProject\MsTestUnitTestCaseProject.csproj", "{3F0FFCFF-F215-4808-865A-549CF71F1BAB}"
EndProject
Project("{9A19103F-16F7-4668-BE54-9A1E7A4F7556}") = "NUnitTestProject", "Ch11\NUnitTestProject\NUnitTestProject.csproj", "{E33DC1F9-647E-4DBE-97D9-CFAB3EF7796D}"
EndProject
Project("{9A19103F-16F7-4668-BE54-9A1E7A4F7556}") = "UnitTestingDemo", "Ch11\UnitTestingDemo\UnitTestingDemo.csproj", "{ACCFBDE5-406E-49E7-ABFC-5270AF35F378}"
EndProject
Global
	GlobalSection(SolutionConfigurationPlatforms) = preSolution
		Debug|Any CPU = Debug|Any CPU
		Release|Any CPU = Release|Any CPU
	EndGlobalSection
	GlobalSection(ProjectConfigurationPlatforms) = postSolution
		{DD8213EB-FCD2-4C11-B24D-337E8C214E48}.Debug|Any CPU.ActiveCfg = Debug|Any CPU
		{DD8213EB-FCD2-4C11-B24D-337E8C214E48}.Debug|Any CPU.Build.0 = Debug|Any CPU
		{DD8213EB-FCD2-4C11-B24D-337E8C214E48}.Release|Any CPU.ActiveCfg = Release|Any CPU
		{DD8213EB-FCD2-4C11-B24D-337E8C214E48}.Release|Any CPU.Build.0 = Release|Any CPU
		{1ED4A6E0-5303-4122-9936-45CC0C65D0F4}.Debug|Any CPU.ActiveCfg = Debug|Any CPU
		{1ED4A6E0-5303-4122-9936-45CC0C65D0F4}.Debug|Any CPU.Build.0 = Debug|Any CPU
		{1ED4A6E0-5303-4122-9936-45CC0C65D0F4}.Release|Any CPU.ActiveCfg = Release|Any CPU
		{1ED4A6E0-5303-4122-9936-45CC0C65D0F4}.Release|Any CPU.Build.0 = Release|Any CPU
		{E56C24D2-D8EA-46B0-B8DF-5B7712E740C4}.Debug|Any CPU.ActiveCfg = Debug|Any CPU
		{E56C24D2-D8EA-46B0-B8DF-5B7712E740C4}.Debug|Any CPU.Build.0 = Debug|Any CPU
		{E56C24D2-D8EA-46B0-B8DF-5B7712E740C4}.Release|Any CPU.ActiveCfg = Release|Any CPU
		{E56C24D2-D8EA-46B0-B8DF-5B7712E740C4}.Release|Any CPU.Build.0 = Release|Any CPU
		{7466EFC3-3B5C-4C77-8C96-A3C438F19915}.Debug|Any CPU.ActiveCfg = Debug|Any CPU
		{7466EFC3-3B5C-4C77-8C96-A3C438F19915}.Debug|Any CPU.Build.0 = Debug|Any CPU
		{7466EFC3-3B5C-4C77-8C96-A3C438F19915}.Release|Any CPU.ActiveCfg = Release|Any CPU
		{7466EFC3-3B5C-4C77-8C96-A3C438F19915}.Release|Any CPU.Build.0 = Release|Any CPU
		{2560F5AA-D908-4573-9FE0-8479F85E0436}.Debug|Any CPU.ActiveCfg = Debug|Any CPU
		{2560F5AA-D908-4573-9FE0-8479F85E0436}.Debug|Any CPU.Build.0 = Debug|Any CPU
		{2560F5AA-D908-4573-9FE0-8479F85E0436}.Release|Any CPU.ActiveCfg = Release|Any CPU
		{2560F5AA-D908-4573-9FE0-8479F85E0436}.Release|Any CPU.Build.0 = Release|Any CPU
		{1E35C6A2-81AA-4FDF-AAC0-7F1B36F6F07B}.Debug|Any CPU.ActiveCfg = Debug|Any CPU
		{1E35C6A2-81AA-4FDF-AAC0-7F1B36F6F07B}.Debug|Any CPU.Build.0 = Debug|Any CPU
		{1E35C6A2-81AA-4FDF-AAC0-7F1B36F6F07B}.Release|Any CPU.ActiveCfg = Release|Any CPU
		{1E35C6A2-81AA-4FDF-AAC0-7F1B36F6F07B}.Release|Any CPU.Build.0 = Release|Any CPU
		{AA776097-9087-4C3B-9F43-228FE8F52DCD}.Debug|Any CPU.ActiveCfg = Debug|Any CPU
		{AA776097-9087-4C3B-9F43-228FE8F52DCD}.Debug|Any CPU.Build.0 = Debug|Any CPU
		{AA776097-9087-4C3B-9F43-228FE8F52DCD}.Release|Any CPU.ActiveCfg = Release|Any CPU
		{AA776097-9087-4C3B-9F43-228FE8F52DCD}.Release|Any CPU.Build.0 = Release|Any CPU
		{F2AE1B8C-B76B-4CE4-B899-35EFC728CE15}.Debug|Any CPU.ActiveCfg = Debug|Any CPU
		{F2AE1B8C-B76B-4CE4-B899-35EFC728CE15}.Debug|Any CPU.Build.0 = Debug|Any CPU
		{F2AE1B8C-B76B-4CE4-B899-35EFC728CE15}.Release|Any CPU.ActiveCfg = Release|Any CPU
		{F2AE1B8C-B76B-4CE4-B899-35EFC728CE15}.Release|Any CPU.Build.0 = Release|Any CPU
		{A2440011-D687-4DD5-87CE-1DCD62253DDF}.Debug|Any CPU.ActiveCfg = Debug|Any CPU
		{A2440011-D687-4DD5-87CE-1DCD62253DDF}.Debug|Any CPU.Build.0 = Debug|Any CPU
		{A2440011-D687-4DD5-87CE-1DCD62253DDF}.Release|Any CPU.ActiveCfg = Release|Any CPU
		{A2440011-D687-4DD5-87CE-1DCD62253DDF}.Release|Any CPU.Build.0 = Release|Any CPU
		{DC0019B3-1DD8-432E-AD0B-8E02927F1A73}.Debug|Any CPU.ActiveCfg = Debug|Any CPU
		{DC0019B3-1DD8-432E-AD0B-8E02927F1A73}.Debug|Any CPU.Build.0 = Debug|Any CPU
		{DC0019B3-1DD8-432E-AD0B-8E02927F1A73}.Release|Any CPU.ActiveCfg = Release|Any CPU
		{DC0019B3-1DD8-432E-AD0B-8E02927F1A73}.Release|Any CPU.Build.0 = Release|Any CPU
		{705AF3A3-5464-4360-BE57-80EEFA5822B6}.Debug|Any CPU.ActiveCfg = Debug|Any CPU
		{705AF3A3-5464-4360-BE57-80EEFA5822B6}.Debug|Any CPU.Build.0 = Debug|Any CPU
		{705AF3A3-5464-4360-BE57-80EEFA5822B6}.Release|Any CPU.ActiveCfg = Release|Any CPU
		{705AF3A3-5464-4360-BE57-80EEFA5822B6}.Release|Any CPU.Build.0 = Release|Any CPU
		{7A731DB1-CDE2-4CE2-AFA3-8D0B87B0F48F}.Debug|Any CPU.ActiveCfg = Debug|Any CPU
		{7A731DB1-CDE2-4CE2-AFA3-8D0B87B0F48F}.Debug|Any CPU.Build.0 = Debug|Any CPU
		{7A731DB1-CDE2-4CE2-AFA3-8D0B87B0F48F}.Release|Any CPU.ActiveCfg = Release|Any CPU
		{7A731DB1-CDE2-4CE2-AFA3-8D0B87B0F48F}.Release|Any CPU.Build.0 = Release|Any CPU
		{AAA793B8-0ACC-425D-A441-43A39FD2831E}.Debug|Any CPU.ActiveCfg = Debug|Any CPU
		{AAA793B8-0ACC-425D-A441-43A39FD2831E}.Debug|Any CPU.Build.0 = Debug|Any CPU
		{AAA793B8-0ACC-425D-A441-43A39FD2831E}.Release|Any CPU.ActiveCfg = Release|Any CPU
		{AAA793B8-0ACC-425D-A441-43A39FD2831E}.Release|Any CPU.Build.0 = Release|Any CPU
		{6F00B6DF-39BA-43AC-9274-94EC421A8FCB}.Debug|Any CPU.ActiveCfg = Debug|Any CPU
		{6F00B6DF-39BA-43AC-9274-94EC421A8FCB}.Debug|Any CPU.Build.0 = Debug|Any CPU
		{6F00B6DF-39BA-43AC-9274-94EC421A8FCB}.Release|Any CPU.ActiveCfg = Release|Any CPU
		{6F00B6DF-39BA-43AC-9274-94EC421A8FCB}.Release|Any CPU.Build.0 = Release|Any CPU
		{6F07FE32-CDEB-4CBA-B531-E2BEDED1447E}.Debug|Any CPU.ActiveCfg = Debug|Any CPU
		{6F07FE32-CDEB-4CBA-B531-E2BEDED1447E}.Debug|Any CPU.Build.0 = Debug|Any CPU
		{6F07FE32-CDEB-4CBA-B531-E2BEDED1447E}.Release|Any CPU.ActiveCfg = Release|Any CPU
		{6F07FE32-CDEB-4CBA-B531-E2BEDED1447E}.Release|Any CPU.Build.0 = Release|Any CPU
		{3F0FFCFF-F215-4808-865A-549CF71F1BAB}.Debug|Any CPU.ActiveCfg = Debug|Any CPU
		{3F0FFCFF-F215-4808-865A-549CF71F1BAB}.Debug|Any CPU.Build.0 = Debug|Any CPU
		{3F0FFCFF-F215-4808-865A-549CF71F1BAB}.Release|Any CPU.ActiveCfg = Release|Any CPU
		{3F0FFCFF-F215-4808-865A-549CF71F1BAB}.Release|Any CPU.Build.0 = Release|Any CPU
		{E33DC1F9-647E-4DBE-97D9-CFAB3EF7796D}.Debug|Any CPU.ActiveCfg = Debug|Any CPU
		{E33DC1F9-647E-4DBE-97D9-CFAB3EF7796D}.Debug|Any CPU.Build.0 = Debug|Any CPU
		{E33DC1F9-647E-4DBE-97D9-CFAB3EF7796D}.Release|Any CPU.ActiveCfg = Release|Any CPU
		{E33DC1F9-647E-4DBE-97D9-CFAB3EF7796D}.Release|Any CPU.Build.0 = Release|Any CPU
		{ACCFBDE5-406E-49E7-ABFC-5270AF35F378}.Debug|Any CPU.ActiveCfg = Debug|Any CPU
		{ACCFBDE5-406E-49E7-ABFC-5270AF35F378}.Debug|Any CPU.Build.0 = Debug|Any CPU
		{ACCFBDE5-406E-49E7-ABFC-5270AF35F378}.Release|Any CPU.ActiveCfg = Release|Any CPU
		{ACCFBDE5-406E-49E7-ABFC-5270AF35F378}.Release|Any CPU.Build.0 = Release|Any CPU
	EndGlobalSection
	GlobalSection(SolutionProperties) = preSolution
		HideSolutionNode = FALSE
	EndGlobalSection
	GlobalSection(NestedProjects) = preSolution
		{DD8213EB-FCD2-4C11-B24D-337E8C214E48} = {35D0D250-8403-4300-AB69-7933EA04C550}
		{1ED4A6E0-5303-4122-9936-45CC0C65D0F4} = {E31673F2-DA7A-457B-B164-C220A84CD2F4}
		{E56C24D2-D8EA-46B0-B8DF-5B7712E740C4} = {6C126ACC-87FE-4256-A2B1-5126BD54CD42}
		{7466EFC3-3B5C-4C77-8C96-A3C438F19915} = {2B4C098E-A74F-4416-A076-7B4BF9D58DC9}
		{2560F5AA-D908-4573-9FE0-8479F85E0436} = {25D6F4F6-E61A-4FFD-9A8C-F892764535DA}
		{1E35C6A2-81AA-4FDF-AAC0-7F1B36F6F07B} = {352F6129-4041-4D6A-9686-423F277BF0E4}
		{AA776097-9087-4C3B-9F43-228FE8F52DCD} = {09011E6F-40B8-447E-BBB9-4190D74FF127}
		{F2AE1B8C-B76B-4CE4-B899-35EFC728CE15} = {7ED2CB36-478D-4F1D-A6C0-DDEF4D9031DD}
		{A2440011-D687-4DD5-87CE-1DCD62253DDF} = {7ED2CB36-478D-4F1D-A6C0-DDEF4D9031DD}
		{DC0019B3-1DD8-432E-AD0B-8E02927F1A73} = {CAF4EF29-388F-4BAC-9318-D153CA46D941}
		{705AF3A3-5464-4360-BE57-80EEFA5822B6} = {162C4393-FF60-4ED3-BD37-6C93FC125DDE}
		{7A731DB1-CDE2-4CE2-AFA3-8D0B87B0F48F} = {2361A0D6-99F3-439F-AC11-4431C33ECE05}
		{AAA793B8-0ACC-425D-A441-43A39FD2831E} = {2361A0D6-99F3-439F-AC11-4431C33ECE05}
		{6F00B6DF-39BA-43AC-9274-94EC421A8FCB} = {5C6B4688-680B-402F-9A21-B1D0FA1C8947}
		{6F07FE32-CDEB-4CBA-B531-E2BEDED1447E} = {5C6B4688-680B-402F-9A21-B1D0FA1C8947}
		{3F0FFCFF-F215-4808-865A-549CF71F1BAB} = {60B2EB9E-0F2F-43D4-A891-521E87ED1934}
		{E33DC1F9-647E-4DBE-97D9-CFAB3EF7796D} = {60B2EB9E-0F2F-43D4-A891-521E87ED1934}
		{ACCFBDE5-406E-49E7-ABFC-5270AF35F378} = {60B2EB9E-0F2F-43D4-A891-521E87ED1934}
	EndGlobalSection
	GlobalSection(ExtensibilityGlobals) = postSolution
		SolutionGuid = {4FCA1118-6785-41EB-A18F-7F11468AE173}
	EndGlobalSection
EndGlobal
