
Microsoft Visual Studio Solution File, Format Version 12.00
# Visual Studio Version 16
VisualStudioVersion = 16.0.28606.126
MinimumVisualStudioVersion = 10.0.40219.1
Project("{2150E333-8FDC-42A3-9474-1A3956D46DE8}") = "Chapter01", "Chapter01", "{EDA7A317-9682-42C7-9304-F8C7BD7A26FD}"
EndProject
Project("{9A19103F-16F7-4668-BE54-9A1E7A4F7556}") = "Ch01", "Chapter01\Ch01.csproj", "{7CC5FF05-D202-4978-828C-E82C1BE7B5C2}"
EndProject
Project("{2150E333-8FDC-42A3-9474-1A3956D46DE8}") = "Chapter02", "Chapter02", "{D4EEBAFE-5D62-4608-A9FB-CB2A53B4E67E}"
EndProject
Project("{9A19103F-16F7-4668-BE54-9A1E7A4F7556}") = "Ch02", "Chapter02\Ch02.csproj", "{662B7054-8E8E-4DEF-9C55-18D49FB88EAB}"
EndProject
Project("{2150E333-8FDC-42A3-9474-1A3956D46DE8}") = "Chapter03", "Chapter03", "{AF697D4C-9519-4428-8835-CF87E599A6F5}"
EndProject
Project("{9A19103F-16F7-4668-BE54-9A1E7A4F7556}") = "Ch03", "Chapter03\Ch03.csproj", "{57EF059C-BD07-4199-9705-1CBBCFC5C981}"
EndProject
Project("{2150E333-8FDC-42A3-9474-1A3956D46DE8}") = "Chapter04", "Chapter04", "{002FE079-3701-4E01-9A78-AD21BB9C2CD5}"
EndProject
Project("{9A19103F-16F7-4668-BE54-9A1E7A4F7556}") = "Ch04", "Chapter04\Ch04.csproj", "{B84E771C-0393-464F-B00B-D58DBCA79A96}"
EndProject
Project("{2150E333-8FDC-42A3-9474-1A3956D46DE8}") = "Chapter05", "Chapter05", "{F5F2B775-E2D3-4887-8009-191C4FA65E5D}"
EndProject
Project("{2150E333-8FDC-42A3-9474-1A3956D46DE8}") = "Chapter06", "Chapter06", "{03A82371-F09C-4FF2-A4A0-2A5F179D6E1C}"
EndProject
Project("{2150E333-8FDC-42A3-9474-1A3956D46DE8}") = "Chapter07", "Chapter07", "{499990DB-8B32-4706-B6FC-4C6288BF63D8}"
EndProject
Project("{2150E333-8FDC-42A3-9474-1A3956D46DE8}") = "Chapter08", "Chapter08", "{BBE09865-FD2B-4C24-8A9B-4E677EC1AEFE}"
EndProject
Project("{2150E333-8FDC-42A3-9474-1A3956D46DE8}") = "Chapter09", "Chapter09", "{E2E1B365-4831-40F2-B999-F258D8D7C150}"
EndProject
Project("{2150E333-8FDC-42A3-9474-1A3956D46DE8}") = "Chapter10", "Chapter10", "{11A8C98D-37DD-4CB3-ABE4-66194836E645}"
EndProject
Project("{2150E333-8FDC-42A3-9474-1A3956D46DE8}") = "Chapter11", "Chapter11", "{32DFFF91-E2FF-4F72-A77A-1B7A3F9736BB}"
EndProject
Project("{2150E333-8FDC-42A3-9474-1A3956D46DE8}") = "Chapter12", "Chapter12", "{0CC04404-5C5B-4847-85DF-51C3F0AF8589}"
EndProject
Project("{2150E333-8FDC-42A3-9474-1A3956D46DE8}") = "Chapter13", "Chapter13", "{D1B75644-97AA-4E4A-9516-24F72A4B99CB}"
EndProject
Project("{9A19103F-16F7-4668-BE54-9A1E7A4F7556}") = "Ch05", "Chapter05\Ch05.csproj", "{75FECA27-2280-4308-BE58-30D9402B17AA}"
EndProject
Project("{9A19103F-16F7-4668-BE54-9A1E7A4F7556}") = "Ch06", "Chapter06\Ch06.csproj", "{5DE9F4AC-65CB-49EC-9BDA-3C65ED247C6D}"
EndProject
Project("{9A19103F-16F7-4668-BE54-9A1E7A4F7556}") = "Ch07", "Chapter07\Ch07.csproj", "{A8DD2A8C-C8FB-4764-BC3D-DAC5263FDE53}"
EndProject
Project("{9A19103F-16F7-4668-BE54-9A1E7A4F7556}") = "1UsingDelegateBeginInvoke", "Chapter08\1UsingDelegateBeginInvoke\1UsingDelegateBeginInvoke.csproj", "{F149A1A2-1A23-4F5A-A288-4B2317351D3A}"
EndProject
Project("{FAE04EC0-301F-11D3-BF4B-00C04F79EFBC}") = "IAsyncResultOldFramework", "Chapter08\IAsyncResultOldFramework\IAsyncResultOldFramework.csproj", "{6F07FE32-CDEB-4CBA-B531-E2BEDED1447E}"
EndProject
Project("{9A19103F-16F7-4668-BE54-9A1E7A4F7556}") = "Ch09", "Chapter09\Ch09.csproj", "{7AA777C0-583C-4383-9DD7-00C1A651A915}"
EndProject
Project("{9A19103F-16F7-4668-BE54-9A1E7A4F7556}") = "Ch09Web", "Chapter09Web\Ch09Web.csproj", "{445754B0-A748-4F18-A7C4-E85286353D79}"
EndProject
Project("{9A19103F-16F7-4668-BE54-9A1E7A4F7556}") = "Ch10", "Chapter10\Ch10.csproj", "{A7EB28E7-8F54-4D2F-A9DD-6C24CEF89C42}"
EndProject
Project("{9A19103F-16F7-4668-BE54-9A1E7A4F7556}") = "MsTestUnitTestCaseProject", "Chapter11\MsTestUnitTestCaseProject\MsTestUnitTestCaseProject.csproj", "{A4A1CE75-4355-471E-9309-296F0B1F8F95}"
EndProject
Project("{9A19103F-16F7-4668-BE54-9A1E7A4F7556}") = "NUnitTestProject", "Chapter11\NUnitTestProject\NUnitTestProject.csproj", "{1753AD18-83B0-498B-84F5-61178E7563F7}"
EndProject
Project("{9A19103F-16F7-4668-BE54-9A1E7A4F7556}") = "UnitTestingDemo", "Chapter11\UnitTestingDemo\UnitTestingDemo.csproj", "{F1CC789E-267E-47B3-A40B-6B5D71EF8561}"
EndProject
Project("{9A19103F-16F7-4668-BE54-9A1E7A4F7556}") = "AsyncStreamsDemo", "Chapter12\AsyncStreamsDemo\AsyncStreamsDemo.csproj", "{1C28BAE4-EBF5-4ED2-9F3A-7E4AF5BBD358}"
EndProject
Project("{9A19103F-16F7-4668-BE54-9A1E7A4F7556}") = "WebApiCoreDemo", "Chapter12\WebApiCoreDemo\WebApiCoreDemo.csproj", "{3DA18BB7-802A-439E-B735-3146D0088F8A}"
EndProject
Project("{9A19103F-16F7-4668-BE54-9A1E7A4F7556}") = "Ch13", "Chapter13\Ch13.csproj", "{DB0D21C0-04E6-4D2B-A89D-10A3481A74C9}"
EndProject
Global
	GlobalSection(SolutionConfigurationPlatforms) = preSolution
		Debug|Any CPU = Debug|Any CPU
		Release|Any CPU = Release|Any CPU
	EndGlobalSection
	GlobalSection(ProjectConfigurationPlatforms) = postSolution
		{7CC5FF05-D202-4978-828C-E82C1BE7B5C2}.Debug|Any CPU.ActiveCfg = Debug|Any CPU
		{7CC5FF05-D202-4978-828C-E82C1BE7B5C2}.Debug|Any CPU.Build.0 = Debug|Any CPU
		{7CC5FF05-D202-4978-828C-E82C1BE7B5C2}.Release|Any CPU.ActiveCfg = Release|Any CPU
		{7CC5FF05-D202-4978-828C-E82C1BE7B5C2}.Release|Any CPU.Build.0 = Release|Any CPU
		{662B7054-8E8E-4DEF-9C55-18D49FB88EAB}.Debug|Any CPU.ActiveCfg = Debug|Any CPU
		{662B7054-8E8E-4DEF-9C55-18D49FB88EAB}.Debug|Any CPU.Build.0 = Debug|Any CPU
		{662B7054-8E8E-4DEF-9C55-18D49FB88EAB}.Release|Any CPU.ActiveCfg = Release|Any CPU
		{662B7054-8E8E-4DEF-9C55-18D49FB88EAB}.Release|Any CPU.Build.0 = Release|Any CPU
		{57EF059C-BD07-4199-9705-1CBBCFC5C981}.Debug|Any CPU.ActiveCfg = Debug|Any CPU
		{57EF059C-BD07-4199-9705-1CBBCFC5C981}.Debug|Any CPU.Build.0 = Debug|Any CPU
		{57EF059C-BD07-4199-9705-1CBBCFC5C981}.Release|Any CPU.ActiveCfg = Release|Any CPU
		{57EF059C-BD07-4199-9705-1CBBCFC5C981}.Release|Any CPU.Build.0 = Release|Any CPU
		{B84E771C-0393-464F-B00B-D58DBCA79A96}.Debug|Any CPU.ActiveCfg = Debug|Any CPU
		{B84E771C-0393-464F-B00B-D58DBCA79A96}.Debug|Any CPU.Build.0 = Debug|Any CPU
		{B84E771C-0393-464F-B00B-D58DBCA79A96}.Release|Any CPU.ActiveCfg = Release|Any CPU
		{B84E771C-0393-464F-B00B-D58DBCA79A96}.Release|Any CPU.Build.0 = Release|Any CPU
		{75FECA27-2280-4308-BE58-30D9402B17AA}.Debug|Any CPU.ActiveCfg = Debug|Any CPU
		{75FECA27-2280-4308-BE58-30D9402B17AA}.Debug|Any CPU.Build.0 = Debug|Any CPU
		{75FECA27-2280-4308-BE58-30D9402B17AA}.Release|Any CPU.ActiveCfg = Release|Any CPU
		{75FECA27-2280-4308-BE58-30D9402B17AA}.Release|Any CPU.Build.0 = Release|Any CPU
		{5DE9F4AC-65CB-49EC-9BDA-3C65ED247C6D}.Debug|Any CPU.ActiveCfg = Debug|Any CPU
		{5DE9F4AC-65CB-49EC-9BDA-3C65ED247C6D}.Debug|Any CPU.Build.0 = Debug|Any CPU
		{5DE9F4AC-65CB-49EC-9BDA-3C65ED247C6D}.Release|Any CPU.ActiveCfg = Release|Any CPU
		{5DE9F4AC-65CB-49EC-9BDA-3C65ED247C6D}.Release|Any CPU.Build.0 = Release|Any CPU
		{A8DD2A8C-C8FB-4764-BC3D-DAC5263FDE53}.Debug|Any CPU.ActiveCfg = Debug|Any CPU
		{A8DD2A8C-C8FB-4764-BC3D-DAC5263FDE53}.Debug|Any CPU.Build.0 = Debug|Any CPU
		{A8DD2A8C-C8FB-4764-BC3D-DAC5263FDE53}.Release|Any CPU.ActiveCfg = Release|Any CPU
		{A8DD2A8C-C8FB-4764-BC3D-DAC5263FDE53}.Release|Any CPU.Build.0 = Release|Any CPU
		{F149A1A2-1A23-4F5A-A288-4B2317351D3A}.Debug|Any CPU.ActiveCfg = Debug|Any CPU
		{F149A1A2-1A23-4F5A-A288-4B2317351D3A}.Debug|Any CPU.Build.0 = Debug|Any CPU
		{F149A1A2-1A23-4F5A-A288-4B2317351D3A}.Release|Any CPU.ActiveCfg = Release|Any CPU
		{F149A1A2-1A23-4F5A-A288-4B2317351D3A}.Release|Any CPU.Build.0 = Release|Any CPU
		{6F07FE32-CDEB-4CBA-B531-E2BEDED1447E}.Debug|Any CPU.ActiveCfg = Debug|Any CPU
		{6F07FE32-CDEB-4CBA-B531-E2BEDED1447E}.Debug|Any CPU.Build.0 = Debug|Any CPU
		{6F07FE32-CDEB-4CBA-B531-E2BEDED1447E}.Release|Any CPU.ActiveCfg = Release|Any CPU
		{6F07FE32-CDEB-4CBA-B531-E2BEDED1447E}.Release|Any CPU.Build.0 = Release|Any CPU
		{7AA777C0-583C-4383-9DD7-00C1A651A915}.Debug|Any CPU.ActiveCfg = Debug|Any CPU
		{7AA777C0-583C-4383-9DD7-00C1A651A915}.Debug|Any CPU.Build.0 = Debug|Any CPU
		{7AA777C0-583C-4383-9DD7-00C1A651A915}.Release|Any CPU.ActiveCfg = Release|Any CPU
		{7AA777C0-583C-4383-9DD7-00C1A651A915}.Release|Any CPU.Build.0 = Release|Any CPU
		{445754B0-A748-4F18-A7C4-E85286353D79}.Debug|Any CPU.ActiveCfg = Debug|Any CPU
		{445754B0-A748-4F18-A7C4-E85286353D79}.Debug|Any CPU.Build.0 = Debug|Any CPU
		{445754B0-A748-4F18-A7C4-E85286353D79}.Release|Any CPU.ActiveCfg = Release|Any CPU
		{445754B0-A748-4F18-A7C4-E85286353D79}.Release|Any CPU.Build.0 = Release|Any CPU
		{A7EB28E7-8F54-4D2F-A9DD-6C24CEF89C42}.Debug|Any CPU.ActiveCfg = Debug|Any CPU
		{A7EB28E7-8F54-4D2F-A9DD-6C24CEF89C42}.Debug|Any CPU.Build.0 = Debug|Any CPU
		{A7EB28E7-8F54-4D2F-A9DD-6C24CEF89C42}.Release|Any CPU.ActiveCfg = Release|Any CPU
		{A7EB28E7-8F54-4D2F-A9DD-6C24CEF89C42}.Release|Any CPU.Build.0 = Release|Any CPU
		{A4A1CE75-4355-471E-9309-296F0B1F8F95}.Debug|Any CPU.ActiveCfg = Debug|Any CPU
		{A4A1CE75-4355-471E-9309-296F0B1F8F95}.Debug|Any CPU.Build.0 = Debug|Any CPU
		{A4A1CE75-4355-471E-9309-296F0B1F8F95}.Release|Any CPU.ActiveCfg = Release|Any CPU
		{A4A1CE75-4355-471E-9309-296F0B1F8F95}.Release|Any CPU.Build.0 = Release|Any CPU
		{1753AD18-83B0-498B-84F5-61178E7563F7}.Debug|Any CPU.ActiveCfg = Debug|Any CPU
		{1753AD18-83B0-498B-84F5-61178E7563F7}.Debug|Any CPU.Build.0 = Debug|Any CPU
		{1753AD18-83B0-498B-84F5-61178E7563F7}.Release|Any CPU.ActiveCfg = Release|Any CPU
		{1753AD18-83B0-498B-84F5-61178E7563F7}.Release|Any CPU.Build.0 = Release|Any CPU
		{F1CC789E-267E-47B3-A40B-6B5D71EF8561}.Debug|Any CPU.ActiveCfg = Debug|Any CPU
		{F1CC789E-267E-47B3-A40B-6B5D71EF8561}.Debug|Any CPU.Build.0 = Debug|Any CPU
		{F1CC789E-267E-47B3-A40B-6B5D71EF8561}.Release|Any CPU.ActiveCfg = Release|Any CPU
		{F1CC789E-267E-47B3-A40B-6B5D71EF8561}.Release|Any CPU.Build.0 = Release|Any CPU
		{1C28BAE4-EBF5-4ED2-9F3A-7E4AF5BBD358}.Debug|Any CPU.ActiveCfg = Debug|Any CPU
		{1C28BAE4-EBF5-4ED2-9F3A-7E4AF5BBD358}.Debug|Any CPU.Build.0 = Debug|Any CPU
		{1C28BAE4-EBF5-4ED2-9F3A-7E4AF5BBD358}.Release|Any CPU.ActiveCfg = Release|Any CPU
		{1C28BAE4-EBF5-4ED2-9F3A-7E4AF5BBD358}.Release|Any CPU.Build.0 = Release|Any CPU
		{3DA18BB7-802A-439E-B735-3146D0088F8A}.Debug|Any CPU.ActiveCfg = Debug|Any CPU
		{3DA18BB7-802A-439E-B735-3146D0088F8A}.Debug|Any CPU.Build.0 = Debug|Any CPU
		{3DA18BB7-802A-439E-B735-3146D0088F8A}.Release|Any CPU.ActiveCfg = Release|Any CPU
		{3DA18BB7-802A-439E-B735-3146D0088F8A}.Release|Any CPU.Build.0 = Release|Any CPU
		{DB0D21C0-04E6-4D2B-A89D-10A3481A74C9}.Debug|Any CPU.ActiveCfg = Debug|Any CPU
		{DB0D21C0-04E6-4D2B-A89D-10A3481A74C9}.Debug|Any CPU.Build.0 = Debug|Any CPU
		{DB0D21C0-04E6-4D2B-A89D-10A3481A74C9}.Release|Any CPU.ActiveCfg = Release|Any CPU
		{DB0D21C0-04E6-4D2B-A89D-10A3481A74C9}.Release|Any CPU.Build.0 = Release|Any CPU
	EndGlobalSection
	GlobalSection(SolutionProperties) = preSolution
		HideSolutionNode = FALSE
	EndGlobalSection
	GlobalSection(NestedProjects) = preSolution
		{7CC5FF05-D202-4978-828C-E82C1BE7B5C2} = {EDA7A317-9682-42C7-9304-F8C7BD7A26FD}
		{662B7054-8E8E-4DEF-9C55-18D49FB88EAB} = {D4EEBAFE-5D62-4608-A9FB-CB2A53B4E67E}
		{57EF059C-BD07-4199-9705-1CBBCFC5C981} = {AF697D4C-9519-4428-8835-CF87E599A6F5}
		{B84E771C-0393-464F-B00B-D58DBCA79A96} = {002FE079-3701-4E01-9A78-AD21BB9C2CD5}
		{75FECA27-2280-4308-BE58-30D9402B17AA} = {F5F2B775-E2D3-4887-8009-191C4FA65E5D}
		{5DE9F4AC-65CB-49EC-9BDA-3C65ED247C6D} = {03A82371-F09C-4FF2-A4A0-2A5F179D6E1C}
		{A8DD2A8C-C8FB-4764-BC3D-DAC5263FDE53} = {499990DB-8B32-4706-B6FC-4C6288BF63D8}
		{F149A1A2-1A23-4F5A-A288-4B2317351D3A} = {BBE09865-FD2B-4C24-8A9B-4E677EC1AEFE}
		{6F07FE32-CDEB-4CBA-B531-E2BEDED1447E} = {BBE09865-FD2B-4C24-8A9B-4E677EC1AEFE}
		{7AA777C0-583C-4383-9DD7-00C1A651A915} = {E2E1B365-4831-40F2-B999-F258D8D7C150}
		{445754B0-A748-4F18-A7C4-E85286353D79} = {E2E1B365-4831-40F2-B999-F258D8D7C150}
		{A7EB28E7-8F54-4D2F-A9DD-6C24CEF89C42} = {11A8C98D-37DD-4CB3-ABE4-66194836E645}
		{A4A1CE75-4355-471E-9309-296F0B1F8F95} = {32DFFF91-E2FF-4F72-A77A-1B7A3F9736BB}
		{1753AD18-83B0-498B-84F5-61178E7563F7} = {32DFFF91-E2FF-4F72-A77A-1B7A3F9736BB}
		{F1CC789E-267E-47B3-A40B-6B5D71EF8561} = {32DFFF91-E2FF-4F72-A77A-1B7A3F9736BB}
		{1C28BAE4-EBF5-4ED2-9F3A-7E4AF5BBD358} = {0CC04404-5C5B-4847-85DF-51C3F0AF8589}
		{3DA18BB7-802A-439E-B735-3146D0088F8A} = {0CC04404-5C5B-4847-85DF-51C3F0AF8589}
		{DB0D21C0-04E6-4D2B-A89D-10A3481A74C9} = {D1B75644-97AA-4E4A-9516-24F72A4B99CB}
	EndGlobalSection
	GlobalSection(ExtensibilityGlobals) = postSolution
		SolutionGuid = {4FCA1118-6785-41EB-A18F-7F11468AE173}
	EndGlobalSection
EndGlobal
